
Microsoft Visual Studio Solution File, Format Version 12.00
# Visual Studio Version 17
VisualStudioVersion = 17.10.35122.118
MinimumVisualStudioVersion = 10.0.40219.1
Project("{FAE04EC0-301F-11D3-BF4B-00C04F79EFBC}") = "Parlor.API", "Parlor.API\Parlor.API.csproj", "{63859AC6-6646-4D98-9DA5-98974886D967}"
EndProject
Global
	GlobalSection(SolutionConfigurationPlatforms) = preSolution
		Debug|Any CPU = Debug|Any CPU
		Release|Any CPU = Release|Any CPU
	EndGlobalSection
	GlobalSection(ProjectConfigurationPlatforms) = postSolution
		{63859AC6-6646-4D98-9DA5-98974886D967}.Debug|Any CPU.ActiveCfg = Debug|Any CPU
		{63859AC6-6646-4D98-9DA5-98974886D967}.Debug|Any CPU.Build.0 = Debug|Any CPU
		{63859AC6-6646-4D98-9DA5-98974886D967}.Release|Any CPU.ActiveCfg = Release|Any CPU
		{63859AC6-6646-4D98-9DA5-98974886D967}.Release|Any CPU.Build.0 = Release|Any CPU
	EndGlobalSection
	GlobalSection(SolutionProperties) = preSolution
		HideSolutionNode = FALSE
	EndGlobalSection
	GlobalSection(ExtensibilityGlobals) = postSolution
		SolutionGuid = {A4493057-1CD0-4FE2-9D20-FB5C37044129}
	EndGlobalSection
EndGlobal
